
Microsoft Visual Studio Solution File, Format Version 12.00
# Visual Studio 15
VisualStudioVersion = 15.0.27428.1
MinimumVisualStudioVersion = 10.0.40219.1
Project("{9A19103F-16F7-4668-BE54-9A1E7A4F7556}") = ".build", "..\build\.build.csproj", "{FCC08265-7440-487F-8CB6-134AD3FBC18A}"
EndProject
Project("{2150E333-8FDC-42A3-9474-1A3956D46DE8}") = "tests", "tests", "{8CDF9743-E28C-4B27-8B28-A3D1BA55668D}"
EndProject
Project("{9A19103F-16F7-4668-BE54-9A1E7A4F7556}") = "NChinese", "NChinese\NChinese.csproj", "{2C621CC8-D016-41D5-9FF2-5B49DC9560F0}"
EndProject
Project("{9A19103F-16F7-4668-BE54-9A1E7A4F7556}") = "NChinese.Imm", "NChinese.Imm\NChinese.Imm.csproj", "{27B11BEE-F94F-4370-BDCD-FC280BBFF278}"
EndProject
Project("{FAE04EC0-301F-11D3-BF4B-00C04F79EFBC}") = "ReverseConversionDemo", "..\samples\ReverseConversionDemo\ReverseConversionDemo.csproj", "{72D8FC40-DED8-4557-B5B4-7EA4C04D277F}"
EndProject
Project("{2150E333-8FDC-42A3-9474-1A3956D46DE8}") = "samples", "samples", "{F3741A53-8568-4D0E-87CC-9E2EC585B511}"
EndProject
Project("{9A19103F-16F7-4668-BE54-9A1E7A4F7556}") = "Test.NChinese", "..\tests\Test.NChinese\Test.NChinese.csproj", "{E10FAB68-2294-4FA4-BD9E-482995E74CC5}"
EndProject
Project("{9A19103F-16F7-4668-BE54-9A1E7A4F7556}") = "Test.NChinese.Imm", "..\tests\Test.NChinese.Imm\Test.NChinese.Imm.csproj", "{B5495957-D25B-41D6-A858-BACDD8B03EF4}"
EndProject
Global
	GlobalSection(SolutionConfigurationPlatforms) = preSolution
		Debug|Any CPU = Debug|Any CPU
		Debug|x64 = Debug|x64
		Debug|x86 = Debug|x86
		Release|Any CPU = Release|Any CPU
		Release|x64 = Release|x64
		Release|x86 = Release|x86
	EndGlobalSection
	GlobalSection(ProjectConfigurationPlatforms) = postSolution
		{FCC08265-7440-487F-8CB6-134AD3FBC18A}.Debug|Any CPU.ActiveCfg = Debug|Any CPU
		{FCC08265-7440-487F-8CB6-134AD3FBC18A}.Debug|x64.ActiveCfg = Debug|Any CPU
		{FCC08265-7440-487F-8CB6-134AD3FBC18A}.Debug|x86.ActiveCfg = Debug|Any CPU
		{FCC08265-7440-487F-8CB6-134AD3FBC18A}.Release|Any CPU.ActiveCfg = Release|Any CPU
		{FCC08265-7440-487F-8CB6-134AD3FBC18A}.Release|x64.ActiveCfg = Release|Any CPU
		{FCC08265-7440-487F-8CB6-134AD3FBC18A}.Release|x86.ActiveCfg = Release|Any CPU
		{2C621CC8-D016-41D5-9FF2-5B49DC9560F0}.Debug|Any CPU.ActiveCfg = Debug|Any CPU
		{2C621CC8-D016-41D5-9FF2-5B49DC9560F0}.Debug|Any CPU.Build.0 = Debug|Any CPU
		{2C621CC8-D016-41D5-9FF2-5B49DC9560F0}.Debug|x64.ActiveCfg = Debug|Any CPU
		{2C621CC8-D016-41D5-9FF2-5B49DC9560F0}.Debug|x64.Build.0 = Debug|Any CPU
		{2C621CC8-D016-41D5-9FF2-5B49DC9560F0}.Debug|x86.ActiveCfg = Debug|Any CPU
		{2C621CC8-D016-41D5-9FF2-5B49DC9560F0}.Debug|x86.Build.0 = Debug|Any CPU
		{2C621CC8-D016-41D5-9FF2-5B49DC9560F0}.Release|Any CPU.ActiveCfg = Release|Any CPU
		{2C621CC8-D016-41D5-9FF2-5B49DC9560F0}.Release|Any CPU.Build.0 = Release|Any CPU
		{2C621CC8-D016-41D5-9FF2-5B49DC9560F0}.Release|x64.ActiveCfg = Release|Any CPU
		{2C621CC8-D016-41D5-9FF2-5B49DC9560F0}.Release|x64.Build.0 = Release|Any CPU
		{2C621CC8-D016-41D5-9FF2-5B49DC9560F0}.Release|x86.ActiveCfg = Release|Any CPU
		{2C621CC8-D016-41D5-9FF2-5B49DC9560F0}.Release|x86.Build.0 = Release|Any CPU
		{27B11BEE-F94F-4370-BDCD-FC280BBFF278}.Debug|Any CPU.ActiveCfg = Debug|Any CPU
		{27B11BEE-F94F-4370-BDCD-FC280BBFF278}.Debug|Any CPU.Build.0 = Debug|Any CPU
		{27B11BEE-F94F-4370-BDCD-FC280BBFF278}.Debug|x64.ActiveCfg = Debug|x64
		{27B11BEE-F94F-4370-BDCD-FC280BBFF278}.Debug|x64.Build.0 = Debug|x64
		{27B11BEE-F94F-4370-BDCD-FC280BBFF278}.Debug|x86.ActiveCfg = Debug|x86
		{27B11BEE-F94F-4370-BDCD-FC280BBFF278}.Debug|x86.Build.0 = Debug|x86
		{27B11BEE-F94F-4370-BDCD-FC280BBFF278}.Release|Any CPU.ActiveCfg = Release|Any CPU
		{27B11BEE-F94F-4370-BDCD-FC280BBFF278}.Release|Any CPU.Build.0 = Release|Any CPU
		{27B11BEE-F94F-4370-BDCD-FC280BBFF278}.Release|x64.ActiveCfg = Release|x64
		{27B11BEE-F94F-4370-BDCD-FC280BBFF278}.Release|x64.Build.0 = Release|x64
		{27B11BEE-F94F-4370-BDCD-FC280BBFF278}.Release|x86.ActiveCfg = Release|x86
		{27B11BEE-F94F-4370-BDCD-FC280BBFF278}.Release|x86.Build.0 = Release|x86
		{72D8FC40-DED8-4557-B5B4-7EA4C04D277F}.Debug|Any CPU.ActiveCfg = Debug|Any CPU
		{72D8FC40-DED8-4557-B5B4-7EA4C04D277F}.Debug|x64.ActiveCfg = Debug|Any CPU
		{72D8FC40-DED8-4557-B5B4-7EA4C04D277F}.Debug|x86.ActiveCfg = Debug|Any CPU
		{72D8FC40-DED8-4557-B5B4-7EA4C04D277F}.Release|Any CPU.ActiveCfg = Release|Any CPU
		{72D8FC40-DED8-4557-B5B4-7EA4C04D277F}.Release|x64.ActiveCfg = Release|Any CPU
		{72D8FC40-DED8-4557-B5B4-7EA4C04D277F}.Release|x86.ActiveCfg = Release|Any CPU
		{E10FAB68-2294-4FA4-BD9E-482995E74CC5}.Debug|Any CPU.ActiveCfg = Debug|Any CPU
		{E10FAB68-2294-4FA4-BD9E-482995E74CC5}.Debug|Any CPU.Build.0 = Debug|Any CPU
		{E10FAB68-2294-4FA4-BD9E-482995E74CC5}.Debug|x64.ActiveCfg = Debug|Any CPU
		{E10FAB68-2294-4FA4-BD9E-482995E74CC5}.Debug|x64.Build.0 = Debug|Any CPU
		{E10FAB68-2294-4FA4-BD9E-482995E74CC5}.Debug|x86.ActiveCfg = Debug|Any CPU
		{E10FAB68-2294-4FA4-BD9E-482995E74CC5}.Debug|x86.Build.0 = Debug|Any CPU
		{E10FAB68-2294-4FA4-BD9E-482995E74CC5}.Release|Any CPU.ActiveCfg = Release|Any CPU
		{E10FAB68-2294-4FA4-BD9E-482995E74CC5}.Release|Any CPU.Build.0 = Release|Any CPU
		{E10FAB68-2294-4FA4-BD9E-482995E74CC5}.Release|x64.ActiveCfg = Release|Any CPU
		{E10FAB68-2294-4FA4-BD9E-482995E74CC5}.Release|x64.Build.0 = Release|Any CPU
		{E10FAB68-2294-4FA4-BD9E-482995E74CC5}.Release|x86.ActiveCfg = Release|Any CPU
		{E10FAB68-2294-4FA4-BD9E-482995E74CC5}.Release|x86.Build.0 = Release|Any CPU
		{B5495957-D25B-41D6-A858-BACDD8B03EF4}.Debug|Any CPU.ActiveCfg = Debug|Any CPU
		{B5495957-D25B-41D6-A858-BACDD8B03EF4}.Debug|Any CPU.Build.0 = Debug|Any CPU
		{B5495957-D25B-41D6-A858-BACDD8B03EF4}.Debug|x64.ActiveCfg = Debug|Any CPU
		{B5495957-D25B-41D6-A858-BACDD8B03EF4}.Debug|x64.Build.0 = Debug|Any CPU
		{B5495957-D25B-41D6-A858-BACDD8B03EF4}.Debug|x86.ActiveCfg = Debug|Any CPU
		{B5495957-D25B-41D6-A858-BACDD8B03EF4}.Debug|x86.Build.0 = Debug|Any CPU
		{B5495957-D25B-41D6-A858-BACDD8B03EF4}.Release|Any CPU.ActiveCfg = Release|Any CPU
		{B5495957-D25B-41D6-A858-BACDD8B03EF4}.Release|Any CPU.Build.0 = Release|Any CPU
		{B5495957-D25B-41D6-A858-BACDD8B03EF4}.Release|x64.ActiveCfg = Release|Any CPU
		{B5495957-D25B-41D6-A858-BACDD8B03EF4}.Release|x64.Build.0 = Release|Any CPU
		{B5495957-D25B-41D6-A858-BACDD8B03EF4}.Release|x86.ActiveCfg = Release|Any CPU
		{B5495957-D25B-41D6-A858-BACDD8B03EF4}.Release|x86.Build.0 = Release|Any CPU
	EndGlobalSection
	GlobalSection(SolutionProperties) = preSolution
		HideSolutionNode = FALSE
	EndGlobalSection
	GlobalSection(NestedProjects) = preSolution
		{72D8FC40-DED8-4557-B5B4-7EA4C04D277F} = {F3741A53-8568-4D0E-87CC-9E2EC585B511}
		{E10FAB68-2294-4FA4-BD9E-482995E74CC5} = {8CDF9743-E28C-4B27-8B28-A3D1BA55668D}
		{B5495957-D25B-41D6-A858-BACDD8B03EF4} = {8CDF9743-E28C-4B27-8B28-A3D1BA55668D}
	EndGlobalSection
	GlobalSection(ExtensibilityGlobals) = postSolution
		SolutionGuid = {1054D9DA-4616-4FF7-B74D-FD2C307371EB}
	EndGlobalSection
EndGlobal
