
Microsoft Visual Studio Solution File, Format Version 12.00
# Visual Studio Version 17
VisualStudioVersion = 17.1.32127.271
MinimumVisualStudioVersion = 10.0.40219.1
Project("{2150E333-8FDC-42A3-9474-1A3956D46DE8}") = "tests", "tests", "{8CDF9743-E28C-4B27-8B28-A3D1BA55668D}"
EndProject
Project("{9A19103F-16F7-4668-BE54-9A1E7A4F7556}") = "NChinese", "NChinese\NChinese.csproj", "{2C621CC8-D016-41D5-9FF2-5B49DC9560F0}"
EndProject
Project("{9A19103F-16F7-4668-BE54-9A1E7A4F7556}") = "Test.NChinese", "..\tests\Test.NChinese\Test.NChinese.csproj", "{E10FAB68-2294-4FA4-BD9E-482995E74CC5}"
EndProject
Project("{2150E333-8FDC-42A3-9474-1A3956D46DE8}") = "Solution Items", "Solution Items", "{7B78A0FF-68CC-47A2-8074-6637E3FEBB27}"
	ProjectSection(SolutionItems) = preProject
		..\CHANGELOG.md = ..\CHANGELOG.md
		..\LICENSE.txt = ..\LICENSE.txt
		..\README.md = ..\README.md
	EndProjectSection
EndProject
Global
	GlobalSection(SolutionConfigurationPlatforms) = preSolution
		Debug_x64|Any CPU = Debug_x64|Any CPU
		Debug_x64|x64 = Debug_x64|x64
		Debug_x64|x86 = Debug_x64|x86
		Debug|Any CPU = Debug|Any CPU
		Debug|x64 = Debug|x64
		Debug|x86 = Debug|x86
		Release|Any CPU = Release|Any CPU
		Release|x64 = Release|x64
		Release|x86 = Release|x86
	EndGlobalSection
	GlobalSection(ProjectConfigurationPlatforms) = postSolution
		{2C621CC8-D016-41D5-9FF2-5B49DC9560F0}.Debug_x64|Any CPU.ActiveCfg = Debug|Any CPU
		{2C621CC8-D016-41D5-9FF2-5B49DC9560F0}.Debug_x64|Any CPU.Build.0 = Debug|Any CPU
		{2C621CC8-D016-41D5-9FF2-5B49DC9560F0}.Debug_x64|x64.ActiveCfg = Debug|Any CPU
		{2C621CC8-D016-41D5-9FF2-5B49DC9560F0}.Debug_x64|x64.Build.0 = Debug|Any CPU
		{2C621CC8-D016-41D5-9FF2-5B49DC9560F0}.Debug_x64|x86.ActiveCfg = Debug|Any CPU
		{2C621CC8-D016-41D5-9FF2-5B49DC9560F0}.Debug_x64|x86.Build.0 = Debug|Any CPU
		{2C621CC8-D016-41D5-9FF2-5B49DC9560F0}.Debug|Any CPU.ActiveCfg = Debug|Any CPU
		{2C621CC8-D016-41D5-9FF2-5B49DC9560F0}.Debug|Any CPU.Build.0 = Debug|Any CPU
		{2C621CC8-D016-41D5-9FF2-5B49DC9560F0}.Debug|x64.ActiveCfg = Debug|Any CPU
		{2C621CC8-D016-41D5-9FF2-5B49DC9560F0}.Debug|x64.Build.0 = Debug|Any CPU
		{2C621CC8-D016-41D5-9FF2-5B49DC9560F0}.Debug|x86.ActiveCfg = Debug|Any CPU
		{2C621CC8-D016-41D5-9FF2-5B49DC9560F0}.Debug|x86.Build.0 = Debug|Any CPU
		{2C621CC8-D016-41D5-9FF2-5B49DC9560F0}.Release|Any CPU.ActiveCfg = Release|Any CPU
		{2C621CC8-D016-41D5-9FF2-5B49DC9560F0}.Release|Any CPU.Build.0 = Release|Any CPU
		{2C621CC8-D016-41D5-9FF2-5B49DC9560F0}.Release|x64.ActiveCfg = Release|Any CPU
		{2C621CC8-D016-41D5-9FF2-5B49DC9560F0}.Release|x64.Build.0 = Release|Any CPU
		{2C621CC8-D016-41D5-9FF2-5B49DC9560F0}.Release|x86.ActiveCfg = Release|Any CPU
		{2C621CC8-D016-41D5-9FF2-5B49DC9560F0}.Release|x86.Build.0 = Release|Any CPU
		{E10FAB68-2294-4FA4-BD9E-482995E74CC5}.Debug_x64|Any CPU.ActiveCfg = Debug|Any CPU
		{E10FAB68-2294-4FA4-BD9E-482995E74CC5}.Debug_x64|Any CPU.Build.0 = Debug|Any CPU
		{E10FAB68-2294-4FA4-BD9E-482995E74CC5}.Debug_x64|x64.ActiveCfg = Debug|Any CPU
		{E10FAB68-2294-4FA4-BD9E-482995E74CC5}.Debug_x64|x64.Build.0 = Debug|Any CPU
		{E10FAB68-2294-4FA4-BD9E-482995E74CC5}.Debug_x64|x86.ActiveCfg = Debug|Any CPU
		{E10FAB68-2294-4FA4-BD9E-482995E74CC5}.Debug_x64|x86.Build.0 = Debug|Any CPU
		{E10FAB68-2294-4FA4-BD9E-482995E74CC5}.Debug|Any CPU.ActiveCfg = Debug|Any CPU
		{E10FAB68-2294-4FA4-BD9E-482995E74CC5}.Debug|Any CPU.Build.0 = Debug|Any CPU
		{E10FAB68-2294-4FA4-BD9E-482995E74CC5}.Debug|x64.ActiveCfg = Debug|Any CPU
		{E10FAB68-2294-4FA4-BD9E-482995E74CC5}.Debug|x64.Build.0 = Debug|Any CPU
		{E10FAB68-2294-4FA4-BD9E-482995E74CC5}.Debug|x86.ActiveCfg = Debug|Any CPU
		{E10FAB68-2294-4FA4-BD9E-482995E74CC5}.Debug|x86.Build.0 = Debug|Any CPU
		{E10FAB68-2294-4FA4-BD9E-482995E74CC5}.Release|Any CPU.ActiveCfg = Release|Any CPU
		{E10FAB68-2294-4FA4-BD9E-482995E74CC5}.Release|Any CPU.Build.0 = Release|Any CPU
		{E10FAB68-2294-4FA4-BD9E-482995E74CC5}.Release|x64.ActiveCfg = Release|Any CPU
		{E10FAB68-2294-4FA4-BD9E-482995E74CC5}.Release|x64.Build.0 = Release|Any CPU
		{E10FAB68-2294-4FA4-BD9E-482995E74CC5}.Release|x86.ActiveCfg = Release|Any CPU
		{E10FAB68-2294-4FA4-BD9E-482995E74CC5}.Release|x86.Build.0 = Release|Any CPU
	EndGlobalSection
	GlobalSection(SolutionProperties) = preSolution
		HideSolutionNode = FALSE
	EndGlobalSection
	GlobalSection(NestedProjects) = preSolution
		{E10FAB68-2294-4FA4-BD9E-482995E74CC5} = {8CDF9743-E28C-4B27-8B28-A3D1BA55668D}
	EndGlobalSection
	GlobalSection(ExtensibilityGlobals) = postSolution
		SolutionGuid = {1054D9DA-4616-4FF7-B74D-FD2C307371EB}
	EndGlobalSection
EndGlobal
